
Microsoft Visual Studio Solution File, Format Version 12.00
Project("{2150E333-8FDC-42A3-9474-1A3956D46DE8}") = "ServiceA", "ServiceA", "{A2E25EC2-3756-434F-9497-C27D35EE9F83}"
EndProject
Project("{2150E333-8FDC-42A3-9474-1A3956D46DE8}") = "ServiceB", "ServiceB", "{59886395-C8F8-4421-9710-05003B54F8A2}"
EndProject
Project("{2150E333-8FDC-42A3-9474-1A3956D46DE8}") = "ServiceC", "ServiceC", "{33D8E645-7FD3-4AA2-979D-776A6CE8ED8E}"
EndProject
Project("{FAE04EC0-301F-11D3-BF4B-00C04F79EFBC}") = "ServiceA.Web", "ServiceA.Web\ServiceA.Web.csproj", "{C56A1BAB-1301-42F2-AB13-AB2685B698AC}"
EndProject
Project("{FAE04EC0-301F-11D3-BF4B-00C04F79EFBC}") = "ServiceB.Web", "ServiceB.Web\ServiceB.Web.csproj", "{0CF49B04-FB0C-4F5B-9A1B-D5A8B4302E4B}"
EndProject
Project("{2150E333-8FDC-42A3-9474-1A3956D46DE8}") = "Shared", "Shared", "{C21CB3F0-F4FF-490F-AB97-5CF3D23526F2}"
EndProject
Project("{FAE04EC0-301F-11D3-BF4B-00C04F79EFBC}") = "WeatherApp.Contracts", "WeatherApp.Contracts\WeatherApp.Contracts.csproj", "{251170D0-9C9D-4DFF-B8EE-12D6E1C4C4F2}"
EndProject
Project("{FAE04EC0-301F-11D3-BF4B-00C04F79EFBC}") = "ServiceC.Web", "ServiceC.Web\ServiceC.Web.csproj", "{F473288D-B1AC-4E3A-B7E8-07BF712C4C9C}"
EndProject
Global
	GlobalSection(SolutionConfigurationPlatforms) = preSolution
		Debug|Any CPU = Debug|Any CPU
		Release|Any CPU = Release|Any CPU
	EndGlobalSection
	GlobalSection(ProjectConfigurationPlatforms) = postSolution
		{C56A1BAB-1301-42F2-AB13-AB2685B698AC}.Debug|Any CPU.ActiveCfg = Debug|Any CPU
		{C56A1BAB-1301-42F2-AB13-AB2685B698AC}.Debug|Any CPU.Build.0 = Debug|Any CPU
		{C56A1BAB-1301-42F2-AB13-AB2685B698AC}.Release|Any CPU.ActiveCfg = Release|Any CPU
		{C56A1BAB-1301-42F2-AB13-AB2685B698AC}.Release|Any CPU.Build.0 = Release|Any CPU
		{0CF49B04-FB0C-4F5B-9A1B-D5A8B4302E4B}.Debug|Any CPU.ActiveCfg = Debug|Any CPU
		{0CF49B04-FB0C-4F5B-9A1B-D5A8B4302E4B}.Debug|Any CPU.Build.0 = Debug|Any CPU
		{0CF49B04-FB0C-4F5B-9A1B-D5A8B4302E4B}.Release|Any CPU.ActiveCfg = Release|Any CPU
		{0CF49B04-FB0C-4F5B-9A1B-D5A8B4302E4B}.Release|Any CPU.Build.0 = Release|Any CPU
		{251170D0-9C9D-4DFF-B8EE-12D6E1C4C4F2}.Debug|Any CPU.ActiveCfg = Debug|Any CPU
		{251170D0-9C9D-4DFF-B8EE-12D6E1C4C4F2}.Debug|Any CPU.Build.0 = Debug|Any CPU
		{251170D0-9C9D-4DFF-B8EE-12D6E1C4C4F2}.Release|Any CPU.ActiveCfg = Release|Any CPU
		{251170D0-9C9D-4DFF-B8EE-12D6E1C4C4F2}.Release|Any CPU.Build.0 = Release|Any CPU
		{F473288D-B1AC-4E3A-B7E8-07BF712C4C9C}.Debug|Any CPU.ActiveCfg = Debug|Any CPU
		{F473288D-B1AC-4E3A-B7E8-07BF712C4C9C}.Debug|Any CPU.Build.0 = Debug|Any CPU
		{F473288D-B1AC-4E3A-B7E8-07BF712C4C9C}.Release|Any CPU.ActiveCfg = Release|Any CPU
		{F473288D-B1AC-4E3A-B7E8-07BF712C4C9C}.Release|Any CPU.Build.0 = Release|Any CPU
	EndGlobalSection
	GlobalSection(NestedProjects) = preSolution
		{C56A1BAB-1301-42F2-AB13-AB2685B698AC} = {A2E25EC2-3756-434F-9497-C27D35EE9F83}
		{0CF49B04-FB0C-4F5B-9A1B-D5A8B4302E4B} = {59886395-C8F8-4421-9710-05003B54F8A2}
		{251170D0-9C9D-4DFF-B8EE-12D6E1C4C4F2} = {C21CB3F0-F4FF-490F-AB97-5CF3D23526F2}
		{F473288D-B1AC-4E3A-B7E8-07BF712C4C9C} = {33D8E645-7FD3-4AA2-979D-776A6CE8ED8E}
	EndGlobalSection
EndGlobal
