
Microsoft Visual Studio Solution File, Format Version 12.00
Project("{2150E333-8FDC-42A3-9474-1A3956D46DE8}") = "ServiceA", "ServiceA", "{A2E25EC2-3756-434F-9497-C27D35EE9F83}"
EndProject
Project("{2150E333-8FDC-42A3-9474-1A3956D46DE8}") = "ServiceB", "ServiceB", "{59886395-C8F8-4421-9710-05003B54F8A2}"
EndProject
Project("{2150E333-8FDC-42A3-9474-1A3956D46DE8}") = "ServiceC", "ServiceC", "{33D8E645-7FD3-4AA2-979D-776A6CE8ED8E}"
EndProject
Project("{FAE04EC0-301F-11D3-BF4B-00C04F79EFBC}") = "ServiceA.Web", "ServiceA.Web\ServiceA.Web.csproj", "{C56A1BAB-1301-42F2-AB13-AB2685B698AC}"
EndProject
Project("{FAE04EC0-301F-11D3-BF4B-00C04F79EFBC}") = "ServiceB.Web", "ServiceB.Web\ServiceB.Web.csproj", "{0CF49B04-FB0C-4F5B-9A1B-D5A8B4302E4B}"
EndProject
Project("{2150E333-8FDC-42A3-9474-1A3956D46DE8}") = "Core", "Core", "{5048CBD5-6373-4A97-A0D2-67717ED6CC0E}"
EndProject
Project("{2150E333-8FDC-42A3-9474-1A3956D46DE8}") = "Infrastructure", "Infrastructure", "{C1986592-70D9-474E-A5DF-456F41925643}"
EndProject
Project("{2150E333-8FDC-42A3-9474-1A3956D46DE8}") = "Presentation", "Presentation", "{EDDE8573-DFFA-4C23-95AE-6C3FBF647265}"
EndProject
Project("{FAE04EC0-301F-11D3-BF4B-00C04F79EFBC}") = "ServiceC.Application", "ServiceC.Application\ServiceC.Application.csproj", "{CE9E4026-A374-4D76-B48B-A2452E098FA5}"
EndProject
Project("{FAE04EC0-301F-11D3-BF4B-00C04F79EFBC}") = "ServiceC.Core", "ServiceC.Core\ServiceC.Core.csproj", "{53BD6BA9-BE4B-4F01-BF84-E1C02EC026EF}"
EndProject
Project("{FAE04EC0-301F-11D3-BF4B-00C04F79EFBC}") = "ServiceC.Infrastructure", "ServiceC.Infrastructure\ServiceC.Infrastructure.csproj", "{15444EFF-60B8-463D-B21D-FE71063A9B1E}"
EndProject
Project("{FAE04EC0-301F-11D3-BF4B-00C04F79EFBC}") = "ServiceC.Persistence", "ServiceC.Persistence\ServiceC.Persistence.csproj", "{5838D590-C327-4365-8895-7C4220143207}"
EndProject
Project("{FAE04EC0-301F-11D3-BF4B-00C04F79EFBC}") = "ServiceC.Web", "ServiceC.Web\ServiceC.Web.csproj", "{2BA16B1F-8128-491C-8D25-CFEDBD3F7BDC}"
EndProject
Global
	GlobalSection(SolutionConfigurationPlatforms) = preSolution
		Debug|Any CPU = Debug|Any CPU
		Release|Any CPU = Release|Any CPU
	EndGlobalSection
	GlobalSection(ProjectConfigurationPlatforms) = postSolution
		{C56A1BAB-1301-42F2-AB13-AB2685B698AC}.Debug|Any CPU.ActiveCfg = Debug|Any CPU
		{C56A1BAB-1301-42F2-AB13-AB2685B698AC}.Debug|Any CPU.Build.0 = Debug|Any CPU
		{C56A1BAB-1301-42F2-AB13-AB2685B698AC}.Release|Any CPU.ActiveCfg = Release|Any CPU
		{C56A1BAB-1301-42F2-AB13-AB2685B698AC}.Release|Any CPU.Build.0 = Release|Any CPU
		{0CF49B04-FB0C-4F5B-9A1B-D5A8B4302E4B}.Debug|Any CPU.ActiveCfg = Debug|Any CPU
		{0CF49B04-FB0C-4F5B-9A1B-D5A8B4302E4B}.Debug|Any CPU.Build.0 = Debug|Any CPU
		{0CF49B04-FB0C-4F5B-9A1B-D5A8B4302E4B}.Release|Any CPU.ActiveCfg = Release|Any CPU
		{0CF49B04-FB0C-4F5B-9A1B-D5A8B4302E4B}.Release|Any CPU.Build.0 = Release|Any CPU
		{CE9E4026-A374-4D76-B48B-A2452E098FA5}.Debug|Any CPU.ActiveCfg = Debug|Any CPU
		{CE9E4026-A374-4D76-B48B-A2452E098FA5}.Debug|Any CPU.Build.0 = Debug|Any CPU
		{CE9E4026-A374-4D76-B48B-A2452E098FA5}.Release|Any CPU.ActiveCfg = Release|Any CPU
		{CE9E4026-A374-4D76-B48B-A2452E098FA5}.Release|Any CPU.Build.0 = Release|Any CPU
		{53BD6BA9-BE4B-4F01-BF84-E1C02EC026EF}.Debug|Any CPU.ActiveCfg = Debug|Any CPU
		{53BD6BA9-BE4B-4F01-BF84-E1C02EC026EF}.Debug|Any CPU.Build.0 = Debug|Any CPU
		{53BD6BA9-BE4B-4F01-BF84-E1C02EC026EF}.Release|Any CPU.ActiveCfg = Release|Any CPU
		{53BD6BA9-BE4B-4F01-BF84-E1C02EC026EF}.Release|Any CPU.Build.0 = Release|Any CPU
		{15444EFF-60B8-463D-B21D-FE71063A9B1E}.Debug|Any CPU.ActiveCfg = Debug|Any CPU
		{15444EFF-60B8-463D-B21D-FE71063A9B1E}.Debug|Any CPU.Build.0 = Debug|Any CPU
		{15444EFF-60B8-463D-B21D-FE71063A9B1E}.Release|Any CPU.ActiveCfg = Release|Any CPU
		{15444EFF-60B8-463D-B21D-FE71063A9B1E}.Release|Any CPU.Build.0 = Release|Any CPU
		{5838D590-C327-4365-8895-7C4220143207}.Debug|Any CPU.ActiveCfg = Debug|Any CPU
		{5838D590-C327-4365-8895-7C4220143207}.Debug|Any CPU.Build.0 = Debug|Any CPU
		{5838D590-C327-4365-8895-7C4220143207}.Release|Any CPU.ActiveCfg = Release|Any CPU
		{5838D590-C327-4365-8895-7C4220143207}.Release|Any CPU.Build.0 = Release|Any CPU
		{2BA16B1F-8128-491C-8D25-CFEDBD3F7BDC}.Debug|Any CPU.ActiveCfg = Debug|Any CPU
		{2BA16B1F-8128-491C-8D25-CFEDBD3F7BDC}.Debug|Any CPU.Build.0 = Debug|Any CPU
		{2BA16B1F-8128-491C-8D25-CFEDBD3F7BDC}.Release|Any CPU.ActiveCfg = Release|Any CPU
		{2BA16B1F-8128-491C-8D25-CFEDBD3F7BDC}.Release|Any CPU.Build.0 = Release|Any CPU
	EndGlobalSection
	GlobalSection(NestedProjects) = preSolution
		{C56A1BAB-1301-42F2-AB13-AB2685B698AC} = {A2E25EC2-3756-434F-9497-C27D35EE9F83}
		{0CF49B04-FB0C-4F5B-9A1B-D5A8B4302E4B} = {59886395-C8F8-4421-9710-05003B54F8A2}
		{5048CBD5-6373-4A97-A0D2-67717ED6CC0E} = {33D8E645-7FD3-4AA2-979D-776A6CE8ED8E}
		{C1986592-70D9-474E-A5DF-456F41925643} = {33D8E645-7FD3-4AA2-979D-776A6CE8ED8E}
		{EDDE8573-DFFA-4C23-95AE-6C3FBF647265} = {33D8E645-7FD3-4AA2-979D-776A6CE8ED8E}
		{CE9E4026-A374-4D76-B48B-A2452E098FA5} = {5048CBD5-6373-4A97-A0D2-67717ED6CC0E}
		{53BD6BA9-BE4B-4F01-BF84-E1C02EC026EF} = {5048CBD5-6373-4A97-A0D2-67717ED6CC0E}
		{15444EFF-60B8-463D-B21D-FE71063A9B1E} = {C1986592-70D9-474E-A5DF-456F41925643}
		{5838D590-C327-4365-8895-7C4220143207} = {C1986592-70D9-474E-A5DF-456F41925643}
		{2BA16B1F-8128-491C-8D25-CFEDBD3F7BDC} = {EDDE8573-DFFA-4C23-95AE-6C3FBF647265}
	EndGlobalSection
EndGlobal
